{
  "sources": {
    "php": {
      "locked_version": "1.2.3",
      "git": "https://github.com/parisholley/php.git",
      "ref": "f4dfcdf68578f0e13b980774773fcd66cd248f6c"
    },
    "newrelic": {
      "locked_version": "0.5.3",
      "git": "https://github.com/escapestudios/chef-newrelic.git",
      "ref": "da25b4d8d336c65ab5ee22d681c5e7b266216d8d"
    },
    "apc": {
      "locked_version": "1.0.0",
      "git": "https://github.com/teamsnap/php-apc-cookbook.git",
      "ref": "77fb1914440074b93a71414580dcd8ada2c74d77"
    },
    "build-essential": {
      "locked_version": "1.4.0"
    },
    "xml": {
      "locked_version": "1.1.2"
    },
    "mysql": {
      "locked_version": "3.0.2"
    },
    "openssl": {
      "locked_version": "1.0.2"
    },
    "python": {
      "locked_version": "1.3.6"
    },
    "yum": {
      "locked_version": "2.3.0"
    },
    "ms_dotnet4": {
      "locked_version": "1.0.1"
    },
    "windows": {
      "locked_version": "1.10.0"
    },
    "chef_handler": {
      "locked_version": "1.1.4"
    }
  }
}
